
Microsoft Visual Studio Solution File, Format Version 12.00
# Visual Studio Version 17
VisualStudioVersion = 17.5.33424.131
MinimumVisualStudioVersion = 10.0.40219.1
Project("{FAE04EC0-301F-11D3-BF4B-00C04F79EFBC}") = "Chaturgate.WebApi", "Chaturgate.WebApi.csproj", "{2C82CE5D-35D7-4028-BC95-EED62FCB457E}"
EndProject
Project("{FAE04EC0-301F-11D3-BF4B-00C04F79EFBC}") = "Chaturgate.Services", "..\Chaturgate.Services\Chaturgate.Services.csproj", "{D7F32D6C-3A4E-4F38-B588-5B0D5A38E336}"
EndProject
Project("{FAE04EC0-301F-11D3-BF4B-00C04F79EFBC}") = "Chaturgate.Data", "..\Chaturgate.Data\Chaturgate.Data.csproj", "{69BDD26B-F6F6-487D-99E4-D316172AB7E1}"
EndProject
Project("{FAE04EC0-301F-11D3-BF4B-00C04F79EFBC}") = "Chaturgate.Dtos", "..\Chaturgate.Dtos\Chaturgate.Dtos.csproj", "{16493148-DD5D-49C5-B34F-DE3ED423D362}"
EndProject
Project("{FAE04EC0-301F-11D3-BF4B-00C04F79EFBC}") = "Chaturgate.Common", "..\Chaturgate.Common\Chaturgate.Common.csproj", "{378C7128-0DA6-4596-A342-FCD8277EB8F1}"
EndProject
Global
	GlobalSection(SolutionConfigurationPlatforms) = preSolution
		Debug|Any CPU = Debug|Any CPU
		Release|Any CPU = Release|Any CPU
	EndGlobalSection
	GlobalSection(ProjectConfigurationPlatforms) = postSolution
		{2C82CE5D-35D7-4028-BC95-EED62FCB457E}.Debug|Any CPU.ActiveCfg = Debug|Any CPU
		{2C82CE5D-35D7-4028-BC95-EED62FCB457E}.Debug|Any CPU.Build.0 = Debug|Any CPU
		{2C82CE5D-35D7-4028-BC95-EED62FCB457E}.Release|Any CPU.ActiveCfg = Release|Any CPU
		{2C82CE5D-35D7-4028-BC95-EED62FCB457E}.Release|Any CPU.Build.0 = Release|Any CPU
		{D7F32D6C-3A4E-4F38-B588-5B0D5A38E336}.Debug|Any CPU.ActiveCfg = Debug|Any CPU
		{D7F32D6C-3A4E-4F38-B588-5B0D5A38E336}.Debug|Any CPU.Build.0 = Debug|Any CPU
		{D7F32D6C-3A4E-4F38-B588-5B0D5A38E336}.Release|Any CPU.ActiveCfg = Release|Any CPU
		{D7F32D6C-3A4E-4F38-B588-5B0D5A38E336}.Release|Any CPU.Build.0 = Release|Any CPU
		{69BDD26B-F6F6-487D-99E4-D316172AB7E1}.Debug|Any CPU.ActiveCfg = Debug|Any CPU
		{69BDD26B-F6F6-487D-99E4-D316172AB7E1}.Debug|Any CPU.Build.0 = Debug|Any CPU
		{69BDD26B-F6F6-487D-99E4-D316172AB7E1}.Release|Any CPU.ActiveCfg = Release|Any CPU
		{69BDD26B-F6F6-487D-99E4-D316172AB7E1}.Release|Any CPU.Build.0 = Release|Any CPU
		{16493148-DD5D-49C5-B34F-DE3ED423D362}.Debug|Any CPU.ActiveCfg = Debug|Any CPU
		{16493148-DD5D-49C5-B34F-DE3ED423D362}.Debug|Any CPU.Build.0 = Debug|Any CPU
		{16493148-DD5D-49C5-B34F-DE3ED423D362}.Release|Any CPU.ActiveCfg = Release|Any CPU
		{16493148-DD5D-49C5-B34F-DE3ED423D362}.Release|Any CPU.Build.0 = Release|Any CPU
		{378C7128-0DA6-4596-A342-FCD8277EB8F1}.Debug|Any CPU.ActiveCfg = Debug|Any CPU
		{378C7128-0DA6-4596-A342-FCD8277EB8F1}.Debug|Any CPU.Build.0 = Debug|Any CPU
		{378C7128-0DA6-4596-A342-FCD8277EB8F1}.Release|Any CPU.ActiveCfg = Release|Any CPU
		{378C7128-0DA6-4596-A342-FCD8277EB8F1}.Release|Any CPU.Build.0 = Release|Any CPU
	EndGlobalSection
	GlobalSection(SolutionProperties) = preSolution
		HideSolutionNode = FALSE
	EndGlobalSection
	GlobalSection(ExtensibilityGlobals) = postSolution
		SolutionGuid = {88625257-0EA1-42C2-A373-70EFFA64E392}
	EndGlobalSection
EndGlobal
